{
  "originHash" : "5caf107c3e2b87357f9da63e8b1cb47844d03b11f3ed7b187e4f41f853516a5a",
  "pins" : [
    {
      "identity" : "capacitor-swift-pm",
      "kind" : "remoteSourceControl",
      "location" : "https://github.com/ionic-team/capacitor-swift-pm.git",
      "state" : {
        "revision" : "2231987d85b8b0b289320b1d0947b4ae8345cde4",
        "version" : "8.4.1"
      }
    },
    {
      "identity" : "starxpand-sdk-ios",
      "kind" : "remoteSourceControl",
      "location" : "https://github.com/star-micronics/StarXpand-SDK-iOS",
      "state" : {
        "revision" : "37ead35af06789f03ffb34cbf08557be519edfd3",
        "version" : "2.12.1"
      }
    }
  ],
  "version" : 3
}
